// !$*UTF8*$!
{
	archiveVersion = 1;
	classes = {
	};
	objectVersion = 56;
	objects = {

/* Begin PBXBuildFile section */
		1009D3EA28E27BBC005550EB /* AppDelegate.swift in Sources */ = {isa = PBXBuildFile; fileRef = 1009D3E928E27BBC005550EB /* AppDelegate.swift */; };
		1009D3EC28E27BBC005550EB /* SceneDelegate.swift in Sources */ = {isa = PBXBuildFile; fileRef = 1009D3EB28E27BBC005550EB /* SceneDelegate.swift */; };
		1009D3EE28E27BBC005550EB /* MapsViewController.swift in Sources */ = {isa = PBXBuildFile; fileRef = 1009D3ED28E27BBC005550EB /* MapsViewController.swift */; };
		1009D3F128E27BBC005550EB /* Main.storyboard in Resources */ = {isa = PBXBuildFile; fileRef = 1009D3EF28E27BBC005550EB /* Main.storyboard */; };
		1009D3F428E27BBC005550EB /* MapKit_Swift.xcdatamodeld in Sources */ = {isa = PBXBuildFile; fileRef = 1009D3F228E27BBC005550EB /* MapKit_Swift.xcdatamodeld */; };
		1009D3F628E27BBD005550EB /* Assets.xcassets in Resources */ = {isa = PBXBuildFile; fileRef = 1009D3F528E27BBD005550EB /* Assets.xcassets */; };
		1009D3F928E27BBD005550EB /* LaunchScreen.storyboard in Resources */ = {isa = PBXBuildFile; fileRef = 1009D3F728E27BBD005550EB /* LaunchScreen.storyboard */; };
		10D72BB628E37B9F00F389F0 /* DetailViewController.swift in Sources */ = {isa = PBXBuildFile; fileRef = 10D72BB528E37B9F00F389F0 /* DetailViewController.swift */; };
/* End PBXBuildFile section */

/* Begin PBXFileReference section */
		1009D3E628E27BBC005550EB /* MapKit-Swift.app */ = {isa = PBXFileReference; explicitFileType = wrapper.application; includeInIndex = 0; path = "MapKit-Swift.app"; sourceTree = BUILT_PRODUCTS_DIR; };
		1009D3E928E27BBC005550EB /* AppDelegate.swift */ = {isa = PBXFileReference; lastKnownFileType = sourcecode.swift; path = AppDelegate.swift; sourceTree = "<group>"; };
		1009D3EB28E27BBC005550EB /* SceneDelegate.swift */ = {isa = PBXFileReference; lastKnownFileType = sourcecode.swift; path = SceneDelegate.swift; sourceTree = "<group>"; };
		1009D3ED28E27BBC005550EB /* MapsViewController.swift */ = {isa = PBXFileReference; lastKnownFileType = sourcecode.swift; path = MapsViewController.swift; sourceTree = "<group>"; };
		1009D3F028E27BBC005550EB /* Base */ = {isa = PBXFileReference; lastKnownFileType = file.storyboard; name = Base; path = Base.lproj/Main.storyboard; sourceTree = "<group>"; };
		1009D3F328E27BBC005550EB /* MapKit_Swift.xcdatamodel */ = {isa = PBXFileReference; lastKnownFileType = wrapper.xcdatamodel; path = MapKit_Swift.xcdatamodel; sourceTree = "<group>"; };
		1009D3F528E27BBD005550EB /* Assets.xcassets */ = {isa = PBXFileReference; lastKnownFileType = folder.assetcatalog; path = Assets.xcassets; sourceTree = "<group>"; };
		1009D3F828E27BBD005550EB /* Base */ = {isa = PBXFileReference; lastKnownFileType = file.storyboard; name = Base; path = Base.lproj/LaunchScreen.storyboard; sourceTree = "<group>"; };
		1009D3FA28E27BBD005550EB /* Info.plist */ = {isa = PBXFileReference; lastKnownFileType = text.plist.xml; path = Info.plist; sourceTree = "<group>"; };
		10D72BB528E37B9F00F389F0 /* DetailViewController.swift */ = {isa = PBXFileReference; lastKnownFileType = sourcecode.swift; path = DetailViewController.swift; sourceTree = "<group>"; };
/* End PBXFileReference section */

/* Begin PBXFrameworksBuildPhase section */
		1009D3E328E27BBC005550EB /* Frameworks */ = {
			isa = PBXFrameworksBuildPhase;
			buildActionMask = 2147483647;
			files = (
			);
			runOnlyForDeploymentPostprocessing = 0;
		};
/* End PBXFrameworksBuildPhase section */

/* Begin PBXGroup section */
		1009D3DD28E27BBC005550EB = {
			isa = PBXGroup;
			children = (
				1009D3E828E27BBC005550EB /* MapKit-Swift */,
				1009D3E728E27BBC005550EB /* Products */,
			);
			sourceTree = "<group>";
		};
		1009D3E728E27BBC005550EB /* Products */ = {
			isa = PBXGroup;
			children = (
				1009D3E628E27BBC005550EB /* MapKit-Swift.app */,
			);
			name = Products;
			sourceTree = "<group>";
		};
		1009D3E828E27BBC005550EB /* MapKit-Swift */ = {
			isa = PBXGroup;
			children = (
				1009D3E928E27BBC005550EB /* AppDelegate.swift */,
				1009D3EB28E27BBC005550EB /* SceneDelegate.swift */,
				1009D3ED28E27BBC005550EB /* MapsViewController.swift */,
				1009D3EF28E27BBC005550EB /* Main.storyboard */,
				1009D3F528E27BBD005550EB /* Assets.xcassets */,
				1009D3F728E27BBD005550EB /* LaunchScreen.storyboard */,
				1009D3FA28E27BBD005550EB /* Info.plist */,
				1009D3F228E27BBC005550EB /* MapKit_Swift.xcdatamodeld */,
				10D72BB528E37B9F00F389F0 /* DetailViewController.swift */,
			);
			path = "MapKit-Swift";
			sourceTree = "<group>";
		};
/* End PBXGroup section */

/* Begin PBXNativeTarget section */
		1009D3E528E27BBC005550EB /* MapKit-Swift */ = {
			isa = PBXNativeTarget;
			buildConfigurationList = 1009D3FD28E27BBD005550EB /* Build configuration list for PBXNativeTarget "MapKit-Swift" */;
			buildPhases = (
				1009D3E228E27BBC005550EB /* Sources */,
				1009D3E328E27BBC005550EB /* Frameworks */,
				1009D3E428E27BBC005550EB /* Resources */,
			);
			buildRules = (
			);
			dependencies = (
			);
			name = "MapKit-Swift";
			productName = "MapKit-Swift";
			productReference = 1009D3E628E27BBC005550EB /* MapKit-Swift.app */;
			productType = "com.apple.product-type.application";
		};
/* End PBXNativeTarget section */

/* Begin PBXProject section */
		1009D3DE28E27BBC005550EB /* Project object */ = {
			isa = PBXProject;
			attributes = {
				BuildIndependentTargetsInParallel = 1;
				LastSwiftUpdateCheck = 1400;
				LastUpgradeCheck = 1400;
				TargetAttributes = {
					1009D3E528E27BBC005550EB = {
						CreatedOnToolsVersion = 14.0;
					};
				};
			};
			buildConfigurationList = 1009D3E128E27BBC005550EB /* Build configuration list for PBXProject "MapKit-Swift" */;
			compatibilityVersion = "Xcode 14.0";
			developmentRegion = en;
			hasScannedForEncodings = 0;
			knownRegions = (
				en,
				Base,
			);
			mainGroup = 1009D3DD28E27BBC005550EB;
			productRefGroup = 1009D3E728E27BBC005550EB /* Products */;
			projectDirPath = "";
			projectRoot = "";
			targets = (
				1009D3E528E27BBC005550EB /* MapKit-Swift */,
			);
		};
/* End PBXProject section */

/* Begin PBXResourcesBuildPhase section */
		1009D3E428E27BBC005550EB /* Resources */ = {
			isa = PBXResourcesBuildPhase;
			buildActionMask = 2147483647;
			files = (
				1009D3F928E27BBD005550EB /* LaunchScreen.storyboard in Resources */,
				1009D3F628E27BBD005550EB /* Assets.xcassets in Resources */,
				1009D3F128E27BBC005550EB /* Main.storyboard in Resources */,
			);
			runOnlyForDeploymentPostprocessing = 0;
		};
/* End PBXResourcesBuildPhase section */

/* Begin PBXSourcesBuildPhase section */
		1009D3E228E27BBC005550EB /* Sources */ = {
			isa = PBXSourcesBuildPhase;
			buildActionMask = 2147483647;
			files = (
				1009D3EE28E27BBC005550EB /* MapsViewController.swift in Sources */,
				1009D3EA28E27BBC005550EB /* AppDelegate.swift in Sources */,
				10D72BB628E37B9F00F389F0 /* DetailViewController.swift in Sources */,
				1009D3EC28E27BBC005550EB /* SceneDelegate.swift in Sources */,
				1009D3F428E27BBC005550EB /* MapKit_Swift.xcdatamodeld in Sources */,
			);
			runOnlyForDeploymentPostprocessing = 0;
		};
/* End PBXSourcesBuildPhase section */

/* Begin PBXVariantGroup section */
		1009D3EF28E27BBC005550EB /* Main.storyboard */ = {
			isa = PBXVariantGroup;
			children = (
				1009D3F028E27BBC005550EB /* Base */,
			);
			name = Main.storyboard;
			sourceTree = "<group>";
		};
		1009D3F728E27BBD005550EB /* LaunchScreen.storyboard */ = {
			isa = PBXVariantGroup;
			children = (
				1009D3F828E27BBD005550EB /* Base */,
			);
			name = LaunchScreen.storyboard;
			sourceTree = "<group>";
		};
/* End PBXVariantGroup section */

/* Begin XCBuildConfiguration section */
		1009D3FB28E27BBD005550EB /* Debug */ = {
			isa = XCBuildConfiguration;
			buildSettings = {
				ALWAYS_SEARCH_USER_PATHS = NO;
				CLANG_ANALYZER_NONNULL = YES;
				CLANG_ANALYZER_NUMBER_OBJECT_CONVERSION = YES_AGGRESSIVE;
				CLANG_CXX_LANGUAGE_STANDARD = "gnu++20";
				CLANG_ENABLE_MODULES = YES;
				CLANG_ENABLE_OBJC_ARC = YES;
				CLANG_ENABLE_OBJC_WEAK = YES;
				CLANG_WARN_BLOCK_CAPTURE_AUTORELEASING = YES;
				CLANG_WARN_BOOL_CONVERSION = YES;
				CLANG_WARN_COMMA = YES;
				CLANG_WARN_CONSTANT_CONVERSION = YES;
				CLANG_WARN_DEPRECATED_OBJC_IMPLEMENTATIONS = YES;
				CLANG_WARN_DIRECT_OBJC_ISA_USAGE = YES_ERROR;
				CLANG_WARN_DOCUMENTATION_COMMENTS = YES;
				CLANG_WARN_EMPTY_BODY = YES;
				CLANG_WARN_ENUM_CONVERSION = YES;
				CLANG_WARN_INFINITE_RECURSION = YES;
				CLANG_WARN_INT_CONVERSION = YES;
				CLANG_WARN_NON_LITERAL_NULL_CONVERSION = YES;
				CLANG_WARN_OBJC_IMPLICIT_RETAIN_SELF = YES;
				CLANG_WARN_OBJC_LITERAL_CONVERSION = YES;
				CLANG_WARN_OBJC_ROOT_CLASS = YES_ERROR;
				CLANG_WARN_QUOTED_INCLUDE_IN_FRAMEWORK_HEADER = YES;
				CLANG_WARN_RANGE_LOOP_ANALYSIS = YES;
				CLANG_WARN_STRICT_PROTOTYPES = YES;
				CLANG_WARN_SUSPICIOUS_MOVE = YES;
				CLANG_WARN_UNGUARDED_AVAILABILITY = YES_AGGRESSIVE;
				CLANG_WARN_UNREACHABLE_CODE = YES;
				CLANG_WARN__DUPLICATE_METHOD_MATCH = YES;
				COPY_PHASE_STRIP = NO;
				DEBUG_INFORMATION_FORMAT = dwarf;
				ENABLE_STRICT_OBJC_MSGSEND = YES;
				ENABLE_TESTABILITY = YES;
				GCC_C_LANGUAGE_STANDARD = gnu11;
				GCC_DYNAMIC_NO_PIC = NO;
				GCC_NO_COMMON_BLOCKS = YES;
				GCC_OPTIMIZATION_LEVEL = 0;
				GCC_PREPROCESSOR_DEFINITIONS = (
					"DEBUG=1",
					"$(inherited)",
				);
				GCC_WARN_64_TO_32_BIT_CONVERSION = YES;
				GCC_WARN_ABOUT_RETURN_TYPE = YES_ERROR;
				GCC_WARN_UNDECLARED_SELECTOR = YES;
				GCC_WARN_UNINITIALIZED_AUTOS = YES_AGGRESSIVE;
				GCC_WARN_UNUSED_FUNCTION = YES;
				GCC_WARN_UNUSED_VARIABLE = YES;
				IPHONEOS_DEPLOYMENT_TARGET = 16.0;
				MTL_ENABLE_DEBUG_INFO = INCLUDE_SOURCE;
				MTL_FAST_MATH = YES;
				ONLY_ACTIVE_ARCH = YES;
				SDKROOT = iphoneos;
				SWIFT_ACTIVE_COMPILATION_CONDITIONS = DEBUG;
				SWIFT_OPTIMIZATION_LEVEL = "-Onone";
			};
			name = Debug;
		};
		1009D3FC28E27BBD005550EB /* Release */ = {
			isa = XCBuildConfiguration;
			buildSettings = {
				ALWAYS_SEARCH_USER_PATHS = NO;
				CLANG_ANALYZER_NONNULL = YES;
				CLANG_ANALYZER_NUMBER_OBJECT_CONVERSION = YES_AGGRESSIVE;
				CLANG_CXX_LANGUAGE_STANDARD = "gnu++20";
				CLANG_ENABLE_MODULES = YES;
				CLANG_ENABLE_OBJC_ARC = YES;
				CLANG_ENABLE_OBJC_WEAK = YES;
				CLANG_WARN_BLOCK_CAPTURE_AUTORELEASING = YES;
				CLANG_WARN_BOOL_CONVERSION = YES;
				CLANG_WARN_COMMA = YES;
				CLANG_WARN_CONSTANT_CONVERSION = YES;
				CLANG_WARN_DEPRECATED_OBJC_IMPLEMENTATIONS = YES;
				CLANG_WARN_DIRECT_OBJC_ISA_USAGE = YES_ERROR;
				CLANG_WARN_DOCUMENTATION_COMMENTS = YES;
				CLANG_WARN_EMPTY_BODY = YES;
				CLANG_WARN_ENUM_CONVERSION = YES;
				CLANG_WARN_INFINITE_RECURSION = YES;
				CLANG_WARN_INT_CONVERSION = YES;
				CLANG_WARN_NON_LITERAL_NULL_CONVERSION = YES;
				CLANG_WARN_OBJC_IMPLICIT_RETAIN_SELF = YES;
				CLANG_WARN_OBJC_LITERAL_CONVERSION = YES;
				CLANG_WARN_OBJC_ROOT_CLASS = YES_ERROR;
				CLANG_WARN_QUOTED_INCLUDE_IN_FRAMEWORK_HEADER = YES;
				CLANG_WARN_RANGE_LOOP_ANALYSIS = YES;
				CLANG_WARN_STRICT_PROTOTYPES = YES;
				CLANG_WARN_SUSPICIOUS_MOVE = YES;
				CLANG_WARN_UNGUARDED_AVAILABILITY = YES_AGGRESSIVE;
				CLANG_WARN_UNREACHABLE_CODE = YES;
				CLANG_WARN__DUPLICATE_METHOD_MATCH = YES;
				COPY_PHASE_STRIP = NO;
				DEBUG_INFORMATION_FORMAT = "dwarf-with-dsym";
				ENABLE_NS_ASSERTIONS = NO;
				ENABLE_STRICT_OBJC_MSGSEND = YES;
				GCC_C_LANGUAGE_STANDARD = gnu11;
				GCC_NO_COMMON_BLOCKS = YES;
				GCC_WARN_64_TO_32_BIT_CONVERSION = YES;
				GCC_WARN_ABOUT_RETURN_TYPE = YES_ERROR;
				GCC_WARN_UNDECLARED_SELECTOR = YES;
				GCC_WARN_UNINITIALIZED_AUTOS = YES_AGGRESSIVE;
				GCC_WARN_UNUSED_FUNCTION = YES;
				GCC_WARN_UNUSED_VARIABLE = YES;
				IPHONEOS_DEPLOYMENT_TARGET = 16.0;
				MTL_ENABLE_DEBUG_INFO = NO;
				MTL_FAST_MATH = YES;
				SDKROOT = iphoneos;
				SWIFT_COMPILATION_MODE = wholemodule;
				SWIFT_OPTIMIZATION_LEVEL = "-O";
				VALIDATE_PRODUCT = YES;
			};
			name = Release;
		};
		1009D3FE28E27BBD005550EB /* Debug */ = {
			isa = XCBuildConfiguration;
			buildSettings = {
				ASSETCATALOG_COMPILER_APPICON_NAME = AppIcon;
				ASSETCATALOG_COMPILER_GLOBAL_ACCENT_COLOR_NAME = AccentColor;
				CODE_SIGN_STYLE = Automatic;
				CURRENT_PROJECT_VERSION = 1;
				DEVELOPMENT_TEAM = 7Q52BZ62M9;
				GENERATE_INFOPLIST_FILE = YES;
				INFOPLIST_FILE = "MapKit-Swift/Info.plist";
				INFOPLIST_KEY_NSLocationWhenInUseUsageDescription = "Haritada Konum Saptayabilmek için";
				INFOPLIST_KEY_UIApplicationSupportsIndirectInputEvents = YES;
				INFOPLIST_KEY_UILaunchStoryboardName = LaunchScreen;
				INFOPLIST_KEY_UIMainStoryboardFile = Main;
				INFOPLIST_KEY_UISupportedInterfaceOrientations_iPad = "UIInterfaceOrientationPortrait UIInterfaceOrientationPortraitUpsideDown UIInterfaceOrientationLandscapeLeft UIInterfaceOrientationLandscapeRight";
				INFOPLIST_KEY_UISupportedInterfaceOrientations_iPhone = "UIInterfaceOrientationPortrait UIInterfaceOrientationLandscapeLeft UIInterfaceOrientationLandscapeRight";
				LD_RUNPATH_SEARCH_PATHS = (
					"$(inherited)",
					"@executable_path/Frameworks",
				);
				MARKETING_VERSION = 1.0;
				PRODUCT_BUNDLE_IDENTIFIER = "mapkit.MapKit-Swift";
				PRODUCT_NAME = "$(TARGET_NAME)";
				SWIFT_EMIT_LOC_STRINGS = YES;
				SWIFT_VERSION = 5.0;
				TARGETED_DEVICE_FAMILY = "1,2";
			};
			name = Debug;
		};
		1009D3FF28E27BBD005550EB /* Release */ = {
			isa = XCBuildConfiguration;
			buildSettings = {
				ASSETCATALOG_COMPILER_APPICON_NAME = AppIcon;
				ASSETCATALOG_COMPILER_GLOBAL_ACCENT_COLOR_NAME = AccentColor;
				CODE_SIGN_STYLE = Automatic;
				CURRENT_PROJECT_VERSION = 1;
				DEVELOPMENT_TEAM = 7Q52BZ62M9;
				GENERATE_INFOPLIST_FILE = YES;
				INFOPLIST_FILE = "MapKit-Swift/Info.plist";
				INFOPLIST_KEY_NSLocationWhenInUseUsageDescription = "Haritada Konum Saptayabilmek için";
				INFOPLIST_KEY_UIApplicationSupportsIndirectInputEvents = YES;
				INFOPLIST_KEY_UILaunchStoryboardName = LaunchScreen;
				INFOPLIST_KEY_UIMainStoryboardFile = Main;
				INFOPLIST_KEY_UISupportedInterfaceOrientations_iPad = "UIInterfaceOrientationPortrait UIInterfaceOrientationPortraitUpsideDown UIInterfaceOrientationLandscapeLeft UIInterfaceOrientationLandscapeRight";
				INFOPLIST_KEY_UISupportedInterfaceOrientations_iPhone = "UIInterfaceOrientationPortrait UIInterfaceOrientationLandscapeLeft UIInterfaceOrientationLandscapeRight";
				LD_RUNPATH_SEARCH_PATHS = (
					"$(inherited)",
					"@executable_path/Frameworks",
				);
				MARKETING_VERSION = 1.0;
				PRODUCT_BUNDLE_IDENTIFIER = "mapkit.MapKit-Swift";
				PRODUCT_NAME = "$(TARGET_NAME)";
				SWIFT_EMIT_LOC_STRINGS = YES;
				SWIFT_VERSION = 5.0;
				TARGETED_DEVICE_FAMILY = "1,2";
			};
			name = Release;
		};
/* End XCBuildConfiguration section */

/* Begin XCConfigurationList section */
		1009D3E128E27BBC005550EB /* Build configuration list for PBXProject "MapKit-Swift" */ = {
			isa = XCConfigurationList;
			buildConfigurations = (
				1009D3FB28E27BBD005550EB /* Debug */,
				1009D3FC28E27BBD005550EB /* Release */,
			);
			defaultConfigurationIsVisible = 0;
			defaultConfigurationName = Release;
		};
		1009D3FD28E27BBD005550EB /* Build configuration list for PBXNativeTarget "MapKit-Swift" */ = {
			isa = XCConfigurationList;
			buildConfigurations = (
				1009D3FE28E27BBD005550EB /* Debug */,
				1009D3FF28E27BBD005550EB /* Release */,
			);
			defaultConfigurationIsVisible = 0;
			defaultConfigurationName = Release;
		};
/* End XCConfigurationList section */

/* Begin XCVersionGroup section */
		1009D3F228E27BBC005550EB /* MapKit_Swift.xcdatamodeld */ = {
			isa = XCVersionGroup;
			children = (
				1009D3F328E27BBC005550EB /* MapKit_Swift.xcdatamodel */,
			);
			currentVersion = 1009D3F328E27BBC005550EB /* MapKit_Swift.xcdatamodel */;
			path = MapKit_Swift.xcdatamodeld;
			sourceTree = "<group>";
			versionGroupType = wrapper.xcdatamodel;
		};
/* End XCVersionGroup section */
	};
	rootObject = 1009D3DE28E27BBC005550EB /* Project object */;
}
